{
    "_meta": {
        "hash": {
            "sha256": "25f78850eecd07126c07d483478d4a3fbe07ec87bd2213f7b3c97d86c3ba3d58"
        },
        "pipfile-spec": 6,
        "requires": {
            "python_version": "3.6"
        },
        "sources": [
            {
                "name": "pypi",
                "url": "https://pypi.python.org/simple",
                "verify_ssl": true
            }
        ]
    },
    "default": {
        "aiohttp": {
            "hashes": [
                "sha256:0be9782f27f150acc18c20ddb035655625d054ead119eb6e906647eb9a94f6c4",
                "sha256:1b95d53f8dac13898f0a3e4af76f6f36d540fbfaefc4f4c9f43e436fa0e53d22",
                "sha256:1d62305fca4479b7f0a1254a78fa1e57e0440f5e9547a1d47e5f8dece264d414",
                "sha256:294cf24187b8bcf3e9b368f2d67e1a6584b0a27667886612eff02d0cd3be460f",
                "sha256:29cbcdf61b094140a10923ededcda6c961032d44518d64fc832cb602a5ff21e8",
                "sha256:359d3e7dfe9f0f6d8c6105152d6fbc45027992f40bdf971484dbc5e7dc7c456f",
                "sha256:43930d119cae96b1a743c2e542fe93bd8db48d8b0d041933bd0b008a29f286f2",
                "sha256:862c5694a192a18cbcf3553fdff121aa9abe1b4edd65af7953b258211808437d",
                "sha256:92b3aaa2896109be9a477f8a57314a144c9d56c6b7e16183e43e5fcad5e89da8",
                "sha256:9ba1394d3eea2a3e2641e9a93a95b6d8b09478ef1d2ce2845e0ee1511a2937d2",
                "sha256:a00d4115ae2f5dcf678f482e2235d89eea495e883297e5fd19db429aa1e64d43",
                "sha256:a169c6d5173c7f60e70055a2ab71b93c90f2d693164e93502744b82ff7c0e282",
                "sha256:bd2092d2c2cfdd3363e3815d473464b45c79e0794d60e7c4c89c2adc12ef64b4",
                "sha256:d51800bdc01d9c1c70fa3ed394a1755f93464354b04039b41d48ce1308517e81",
                "sha256:defc2afb61b9fd08b2d07e536a1497a50925f1078e598ebc7eba080d33cdd5f6"
            ],
            "index": "pypi",
            "version": "==3.2.1"
        },
        "aioredis": {
            "hashes": [
                "sha256:9ffa0f9ea4076e5caedf55f095ea758f5137c7d1cd06cd9916081f4320fdaa4d",
                "sha256:d3adfc3295a91a97cab472751e26ff85949566a131cebb27a778e49aa0638c1a"
            ],
            "index": "pypi",
            "version": "==1.1.0"
        },
        "aiotg": {
            "hashes": [
                "sha256:e3c9e051d3a1e85274b74e7f3473e99abaef9ed9718b5283f6c6782705a10def"
            ],
            "index": "pypi",
            "version": "==0.9.9"
        },
        "argh": {
            "hashes": [
                "sha256:a9b3aaa1904eeb78e32394cd46c6f37ac0fb4af6dc488daa58971bdc7d7fcaf3",
                "sha256:e9535b8c84dc9571a48999094fda7f33e63c3f1b74f3e5f3ac0105a58405bb65"
            ],
            "version": "==0.26.2"
        },
        "async-timeout": {
            "hashes": [
                "sha256:474d4bc64cee20603e225eb1ece15e248962958b45a3648a9f5cc29e827a610c",
                "sha256:b3c0ddc416736619bd4a95ca31de8da6920c3b9a140c64dbef2b2fa7bf521287"
            ],
            "version": "==3.0.0"
        },
        "attrs": {
            "hashes": [
                "sha256:4b90b09eeeb9b88c35bc642cbac057e45a5fd85367b985bd2809c62b7b939265",
                "sha256:e0d0eb91441a3b53dab4d9b743eafc1ac44476296a2053b6ca3af0b139faf87b"
            ],
            "version": "==18.1.0"
        },
        "beautifulsoup4": {
            "hashes": [
                "sha256:11a9a27b7d3bddc6d86f59fb76afb70e921a25ac2d6cc55b40d072bd68435a76",
                "sha256:7015e76bf32f1f574636c4288399a6de66ce08fb7b2457f628a8d70c0fbabb11",
                "sha256:808b6ac932dccb0a4126558f7dfdcf41710dd44a4ef497a0bb59a77f9f078e89"
            ],
            "index": "pypi",
            "version": "==4.6.0"
        },
        "chardet": {
            "hashes": [
                "sha256:84ab92ed1c4d4f16916e05906b6b75a6c0fb5db821cc65e70cbd64a3e2a5eaae",
                "sha256:fc323ffcaeaed0e0a02bf4d117757b98aed530d9ed4531e3e15460124c106691"
            ],
            "version": "==3.0.4"
        },
        "hiredis": {
            "hashes": [
                "sha256:ca958e13128e49674aa4a96f02746f5de5973f39b57297b84d59fd44d314d5b5"
            ],
            "version": "==0.2.0"
        },
        "idna": {
            "hashes": [
                "sha256:2c6a5de3089009e3da7c5dde64a141dbc8551d5b7f6cf4ed7c2568d0cc520a8f",
                "sha256:8c7309c718f94b3a625cb648ace320157ad16ff131ae0af362c9f21b80ef6ec4"
            ],
            "version": "==2.6"
        },
        "idna-ssl": {
            "hashes": [
                "sha256:1293f030bc608e9aa9cdee72aa93c1521bbb9c7698068c61c9ada6772162b979"
            ],
            "version": "==1.0.1"
        },
        "multidict": {
            "hashes": [
                "sha256:1a1d76374a1e7fe93acef96b354a03c1d7f83e7512e225a527d283da0d7ba5e0",
                "sha256:1d6e191965505652f194bc4c40270a842922685918a4f45e6936a6b15cc5816d",
                "sha256:295961a6a88f1199e19968e15d9b42f3a191c89ec13034dbc212bf9c394c3c82",
                "sha256:2be5af084de6c3b8e20d6421cb0346378a9c867dcf7c86030d6b0b550f9888e4",
                "sha256:2eb99617c7a0e9f2b90b64bc1fb742611718618572747d6f3d6532b7b78755ab",
                "sha256:4ba654c6b5ad1ae4a4d792abeb695b29ce981bb0f157a41d0fd227b385f2bef0",
                "sha256:5ba766433c30d703f6b2c17eb0b6826c6f898e5f58d89373e235f07764952314",
                "sha256:a59d58ee85b11f337b54933e8d758b2356fcdcc493248e004c9c5e5d11eedbe4",
                "sha256:a6e35d28900cf87bcc11e6ca9e474db0099b78f0be0a41d95bef02d49101b5b2",
                "sha256:b4df7ca9c01018a51e43937eaa41f2f5dce17a6382fda0086403bcb1f5c2cf8e",
                "sha256:bbd5a6bffd3ba8bfe75b16b5e28af15265538e8be011b0b9fddc7d86a453fd4a",
                "sha256:d870f399fcd58a1889e93008762a3b9a27cf7ea512818fc6e689f59495648355",
                "sha256:e9404e2e19e901121c3c5c6cffd5a8ae0d1d67919c970e3b3262231175713068"
            ],
            "version": "==4.3.1"
        },
        "pathtools": {
            "hashes": [
                "sha256:7c35c5421a39bb82e58018febd90e3b6e5db34c5443aaaf742b3f33d4655f1c0"
            ],
            "version": "==0.1.2"
        },
        "pyyaml": {
            "hashes": [
                "sha256:0c507b7f74b3d2dd4d1322ec8a94794927305ab4cebbe89cc47fe5e81541e6e8",
                "sha256:16b20e970597e051997d90dc2cddc713a2876c47e3d92d59ee198700c5427736",
                "sha256:3262c96a1ca437e7e4763e2843746588a965426550f3797a79fca9c6199c431f",
                "sha256:326420cbb492172dec84b0f65c80942de6cedb5233c413dd824483989c000608",
                "sha256:4474f8ea030b5127225b8894d626bb66c01cda098d47a2b0d3429b6700af9fd8",
                "sha256:592766c6303207a20efc445587778322d7f73b161bd994f227adaa341ba212ab",
                "sha256:5ac82e411044fb129bae5cfbeb3ba626acb2af31a8d17d175004b70862a741a7",
                "sha256:5f84523c076ad14ff5e6c037fe1c89a7f73a3e04cf0377cb4d017014976433f3",
                "sha256:827dc04b8fa7d07c44de11fabbc888e627fa8293b695e0f99cb544fdfa1bf0d1",
                "sha256:b4c423ab23291d3945ac61346feeb9a0dc4184999ede5e7c43e1ffb975130ae6",
                "sha256:bc6bced57f826ca7cb5125a10b23fd0f2fff3b7c4701d64c439a300ce665fff8",
                "sha256:c01b880ec30b5a6e6aa67b09a2fe3fb30473008c85cd6a67359a1b15ed6d83a4",
                "sha256:ca233c64c6e40eaa6c66ef97058cdc80e8d0157a443655baa1b2966e812807ca",
                "sha256:e863072cdf4c72eebf179342c94e6989c67185842d9997960b3e69290b2fa269"
            ],
            "version": "==3.12"
        },
        "watchdog": {
            "hashes": [
                "sha256:7e65882adb7746039b6f3876ee174952f8eaaa34491ba34333ddf1fe35de4162"
            ],
            "version": "==0.8.3"
        },
        "yarl": {
            "hashes": [
                "sha256:397d150e1352ccd5c8e8c996be80d3c58b2cd80699e49821bebed2d761f90c6d",
                "sha256:437c51e7e31d9fa462ad99f829fb8282eccba836d67868ab61a513d20ec467b7",
                "sha256:4a5e0183c505e0f62023489d138af5d54d4dcc41a51a0797f43287c74651ea65",
                "sha256:59a6973f796487f4616018b96b31f70b48f96d8c2d6ce8c0bb2eb88918127f7c",
                "sha256:5c5c21414f37bed5da3f9f90c6aa50b4b6302fd8c723747e65e07b894a9483cc",
                "sha256:5cbe712703050e63d86b4199a7f3f2d080bbd539cea786591766e6e33bfdf5f1",
                "sha256:7df2ec23eab1adf243f351d36236063a95f348a0206f2cf5637e4aeb179f90a7",
                "sha256:887add43096d991d2ada336e150c20eae0a355d176f657f61e49676fdef4da60",
                "sha256:95a564541e115088f8aa89a8fee607ba1b2ce4fecf43a9b0e84b51079286f9fb"
            ],
            "version": "==1.2.4"
        }
    },
    "develop": {}
}
